# THIS IS AN AUTOGENERATED FILE. DO NOT EDIT THIS FILE DIRECTLY.
# yarn lockfile v1


"@vuepress/plugin-google-analytics@^1.8.2":
  version "1.8.2"
  resolved "https://registry.nlark.com/@vuepress/plugin-google-analytics/download/@vuepress/plugin-google-analytics-1.8.2.tgz#96cf65f1f0ecbb3bcf6b0d10089dafe2aea875bc"
  integrity sha1-ls9l8fDsuzvPaw0QCJ2v4q6odbw=
